
Microsoft Visual Studio Solution File, Format Version 12.00
# Visual Studio Version 16
VisualStudioVersion = 16.0.30330.147
MinimumVisualStudioVersion = 10.0.40219.1
Project("{FAE04EC0-301F-11D3-BF4B-00C04F79EFBC}") = "Brickify", "Brickify.csproj", "{0F9FD705-EC0B-4C06-9655-9EB7B0CB474D}"
EndProject
Global
	GlobalSection(SolutionConfigurationPlatforms) = preSolution
		Debug|x86 = Debug|x86
		Release|x86 = Release|x86
	EndGlobalSection
	GlobalSection(ProjectConfigurationPlatforms) = postSolution
		{0F9FD705-EC0B-4C06-9655-9EB7B0CB474D}.Debug|x86.ActiveCfg = Debug|x86
		{0F9FD705-EC0B-4C06-9655-9EB7B0CB474D}.Debug|x86.Build.0 = Debug|x86
		{0F9FD705-EC0B-4C06-9655-9EB7B0CB474D}.Release|x86.ActiveCfg = Release|x86
		{0F9FD705-EC0B-4C06-9655-9EB7B0CB474D}.Release|x86.Build.0 = Release|x86
	EndGlobalSection
	GlobalSection(SolutionProperties) = preSolution
		HideSolutionNode = FALSE
	EndGlobalSection
	GlobalSection(ExtensibilityGlobals) = postSolution
		SolutionGuid = {C4447B17-5859-4128-8D24-F6751DE44CCB}
	EndGlobalSection
EndGlobal
